# This file is automatically @generated by Cargo.
# It is not intended for manual editing.
version = 4

[[package]]
name = "opal-wm"
version = "0.1.0"
dependencies = [
 "safa-api",
]

[[package]]
name = "safa-abi"
version = "0.4.0"
source = "git+https://github.com/SafaOS/SafaOS?branch=GUI#c3f2669fdac1da7bfb87c8670483d5fd4a06bead"

[[package]]
name = "safa-api"
version = "0.4.3"
source = "git+https://github.com/SafaOS/safa-api#ecd4fdd04121640139ab4fa330d717ce2a9e1f24"
dependencies = [
 "safa-abi",
]
